<?xml version="1.0" encoding="utf-8"?>
<Project ToolsVersion="4.0" xmlns="http://schemas.microsoft.com/developer/msbuild/2003">
  <ItemGroup>
    <Filter Include="Source Files">
      <UniqueIdentifier>{4FC737F1-C7A5-4376-A066-2A32D752A2FF}</UniqueIdentifier>
      <Extensions>cpp;c;cc;cxx;c++;cppm;ixx;def;odl;idl;hpj;bat;asm;asmx</Extensions>
    </Filter>
    <Filter Include="Header Files">
      <UniqueIdentifier>{93995380-89BD-4b04-88EB-625FBE52EBFB}</UniqueIdentifier>
      <Extensions>h;hh;hpp;hxx;h++;hm;inl;inc;ipp;xsd</Extensions>
    </Filter>
    <Filter Include="Resource Files">
      <UniqueIdentifier>{67DA6AB6-F800-4c08-8B7A-83BB121AAD01}</UniqueIdentifier>
      <Extensions>rc;ico;cur;bmp;dlg;rc2;rct;bin;rgs;gif;jpg;jpeg;jpe;resx;tiff;tif;png;wav;mfcribbon-ms</Extensions>
    </Filter>
    <Filter Include="Source Files\Components">
      <UniqueIdentifier>{49add725-6a3d-47d5-b849-0cb09359b272}</UniqueIdentifier>
    </Filter>
    <Filter Include="Source Files\Models">
      <UniqueIdentifier>{720a6efe-f090-4add-a9f3-1ac01cd48f48}</UniqueIdentifier>
    </Filter>
    <Filter Include="Header Files\Components">
      <UniqueIdentifier>{03778a7f-5f99-4052-8fb1-26014a40e2b5}</UniqueIdentifier>
    </Filter>
    <Filter Include="Header Files\Models">
      <UniqueIdentifier>{14ce947c-d4c9-42d2-ab09-38d91052422d}</UniqueIdentifier>
    </Filter>
    <Filter Include="Source Files\Utilities">
      <UniqueIdentifier>{ac1fb180-8c77-4eff-9e04-62ebd4665bc3}</UniqueIdentifier>
    </Filter>
    <Filter Include="Header Files\Utilities">
      <UniqueIdentifier>{4f6d0323-804d-4c59-8781-21fca1a8da6e}</UniqueIdentifier>
    </Filter>
    <Filter Include="Source Files\Models\Visual">
      <UniqueIdentifier>{7d6bd919-4c7c-44c5-acfd-580032b0e9ff}</UniqueIdentifier>
    </Filter>
    <Filter Include="Source Files\Components\ContactBook">
      <UniqueIdentifier>{52bb6f5c-fcb3-4d5e-8825-a5b729f61233}</UniqueIdentifier>
    </Filter>
    <Filter Include="Header Files\Models\ContactBook">
      <UniqueIdentifier>{08d602d5-bc00-4993-9aef-d273bb6c60ea}</UniqueIdentifier>
    </Filter>
    <Filter Include="Source Files\Components\EventManager">
      <UniqueIdentifier>{8bc23ea7-bc91-4435-8745-b3f60c515aa5}</UniqueIdentifier>
    </Filter>
    <Filter Include="Header Files\Dialogs">
      <UniqueIdentifier>{221deae7-7476-4782-ae4b-31b9d1c930ef}</UniqueIdentifier>
    </Filter>
    <Filter Include="Source Files\Dialogs">
      <UniqueIdentifier>{cd0135a7-1565-4087-b288-45a25c96fcd8}</UniqueIdentifier>
    </Filter>
    <Filter Include="Source Files\Dialogs\ContactBook">
      <UniqueIdentifier>{ac8a2fcf-c5d8-4dec-8174-67475c1cee8d}</UniqueIdentifier>
    </Filter>
    <Filter Include="Source Files\Dialogs\EventsManager">
      <UniqueIdentifier>{5c8f23cc-fd08-4e90-a588-49ec2204b022}</UniqueIdentifier>
    </Filter>
    <Filter Include="Source Files\Models\Controls">
      <UniqueIdentifier>{dc3cfd42-5c1d-4834-9479-b6e7cdcceeed}</UniqueIdentifier>
    </Filter>
  </ItemGroup>
  <ItemGroup>
    <ClCompile Include="Main.cpp">
      <Filter>Source Files</Filter>
    </ClCompile>
    <ClCompile Include="Utils.cpp">
      <Filter>Source Files\Utilities</Filter>
    </ClCompile>
    <ClCompile Include="AppStyles.cpp">
      <Filter>Source Files\Models\Visual</Filter>
    </ClCompile>
    <ClCompile Include="UIHelpers.cpp">
      <Filter>Source Files\Utilities</Filter>
    </ClCompile>
    <ClCompile Include="ContactBook.cpp">
      <Filter>Source Files\Components\ContactBook</Filter>
    </ClCompile>
    <ClCompile Include="DefaultDataSets.h">
      <Filter>Header Files\Models\ContactBook</Filter>
    </ClCompile>
    <ClCompile Include="MenuHelpers.cpp">
      <Filter>Source Files\Components</Filter>
    </ClCompile>
    <ClCompile Include="EventManager.cpp">
      <Filter>Source Files\Components\EventManager</Filter>
    </ClCompile>
    <ClCompile Include="DialogHandler.cpp">
      <Filter>Source Files\Dialogs</Filter>
    </ClCompile>
    <ClCompile Include="ContactBookDialog.cpp">
      <Filter>Source Files\Dialogs\ContactBook</Filter>
    </ClCompile>
    <ClCompile Include="ContactInputDialog.cpp">
      <Filter>Source Files\Dialogs\ContactBook</Filter>
    </ClCompile>
    <ClCompile Include="EventInputDialog.cpp">
      <Filter>Source Files\Dialogs\EventsManager</Filter>
    </ClCompile>
    <ClCompile Include="EventsDialog.cpp">
      <Filter>Source Files\Dialogs\EventsManager</Filter>
    </ClCompile>
    <ClCompile Include="HotkeysHandler.cpp">
      <Filter>Source Files\Models\Controls</Filter>
    </ClCompile>
  </ItemGroup>
  <ItemGroup>
    <ClInclude Include="resource.h">
      <Filter>Header Files</Filter>
    </ClInclude>
    <ClInclude Include="Event.h">
      <Filter>Header Files\Models</Filter>
    </ClInclude>
    <ClInclude Include="EventManager.h">
      <Filter>Header Files\Components</Filter>
    </ClInclude>
    <ClInclude Include="Utils.h">
      <Filter>Header Files\Utilities</Filter>
    </ClInclude>
    <ClInclude Include="DialogHandler.h">
      <Filter>Header Files\Components</Filter>
    </ClInclude>
    <ClInclude Include="AppStyles.h">
      <Filter>Header Files\Models</Filter>
    </ClInclude>
    <ClInclude Include="UIHelpers.h">
      <Filter>Header Files\Utilities</Filter>
    </ClInclude>
    <ClInclude Include="ContactBook.h">
      <Filter>Header Files\Components</Filter>
    </ClInclude>
    <ClInclude Include="MenuHelpers.h">
      <Filter>Header Files\Components</Filter>
    </ClInclude>
    <ClInclude Include="ContactBookDialog.h">
      <Filter>Header Files\Dialogs</Filter>
    </ClInclude>
    <ClInclude Include="ContactInputDialog.h">
      <Filter>Header Files\Dialogs</Filter>
    </ClInclude>
    <ClInclude Include="EventInputDialog.h">
      <Filter>Header Files\Dialogs</Filter>
    </ClInclude>
    <ClInclude Include="EventsDialog.h">
      <Filter>Header Files\Dialogs</Filter>
    </ClInclude>
    <ClInclude Include="HotkeysHandler.h">
      <Filter>Header Files\Models</Filter>
    </ClInclude>
  </ItemGroup>
  <ItemGroup>
    <ResourceCompile Include="Organizer.rc">
      <Filter>Resource Files</Filter>
    </ResourceCompile>
  </ItemGroup>
  <ItemGroup>
    <Image Include="organizer.ico">
      <Filter>Resource Files</Filter>
    </Image>
  </ItemGroup>
</Project>